// !$*UTF8*$!
{
	archiveVersion = 1;
	classes = {
	};
	objectVersion = 51;
	objects = {

/* Begin PBXBuildFile section */
		2BF73043ED865B4C2DCE2902 /* Pods_Football_News.framework in Frameworks */ = {isa = PBXBuildFile; fileRef = 263130C1DEBA6A07C9B7DF08 /* Pods_Football_News.framework */; };
		4A4A798122DEF33000747126 /* NetworkEngine.swift in Sources */ = {isa = PBXBuildFile; fileRef = 4A4A798022DEF33000747126 /* NetworkEngine.swift */; };
		4A4A798A22DEF64100747126 /* FNVideoCell.swift in Sources */ = {isa = PBXBuildFile; fileRef = 4A4A798822DEF64100747126 /* FNVideoCell.swift */; };
		4A4A798B22DEF64100747126 /* FNVideoCell.xib in Resources */ = {isa = PBXBuildFile; fileRef = 4A4A798922DEF64100747126 /* FNVideoCell.xib */; };
		4A4A798E22DF0B2700747126 /* NewsfeedService.swift in Sources */ = {isa = PBXBuildFile; fileRef = 4A4A798D22DF0B2700747126 /* NewsfeedService.swift */; };
		4A4A799122DF3DF200747126 /* FNFactCell.swift in Sources */ = {isa = PBXBuildFile; fileRef = 4A4A798F22DF3DF200747126 /* FNFactCell.swift */; };
		4A4A799222DF3DF200747126 /* FNFactCell.xib in Resources */ = {isa = PBXBuildFile; fileRef = 4A4A799022DF3DF200747126 /* FNFactCell.xib */; };
		4A4A799522DF3E0700747126 /* FNNewsCell.swift in Sources */ = {isa = PBXBuildFile; fileRef = 4A4A799322DF3E0700747126 /* FNNewsCell.swift */; };
		4A4A799622DF3E0700747126 /* FNNewsCell.xib in Resources */ = {isa = PBXBuildFile; fileRef = 4A4A799422DF3E0700747126 /* FNNewsCell.xib */; };
		4A4A799822DF41E500747126 /* FNConstants.swift in Sources */ = {isa = PBXBuildFile; fileRef = 4A4A799722DF41E500747126 /* FNConstants.swift */; };
		4A4F267722DC890300AFCC93 /* NewsFeedObject.swift in Sources */ = {isa = PBXBuildFile; fileRef = 4A4F267622DC890300AFCC93 /* NewsFeedObject.swift */; };
		4A4F267E22DDAA2400AFCC93 /* FNNewsfeedVC.swift in Sources */ = {isa = PBXBuildFile; fileRef = 4A4F267D22DDAA2400AFCC93 /* FNNewsfeedVC.swift */; };
		4A4F268622DDE3A500AFCC93 /* FNNewsfeedVM.swift in Sources */ = {isa = PBXBuildFile; fileRef = 4A4F268522DDE3A500AFCC93 /* FNNewsfeedVM.swift */; };
		4ADA759622DC5BF2001E76AF /* AppDelegate.swift in Sources */ = {isa = PBXBuildFile; fileRef = 4ADA759522DC5BF2001E76AF /* AppDelegate.swift */; };
		4ADA759B22DC5BF2001E76AF /* Main.storyboard in Resources */ = {isa = PBXBuildFile; fileRef = 4ADA759922DC5BF2001E76AF /* Main.storyboard */; };
		4ADA759D22DC5BF3001E76AF /* Assets.xcassets in Resources */ = {isa = PBXBuildFile; fileRef = 4ADA759C22DC5BF3001E76AF /* Assets.xcassets */; };
		4ADA75A022DC5BF3001E76AF /* LaunchScreen.storyboard in Resources */ = {isa = PBXBuildFile; fileRef = 4ADA759E22DC5BF3001E76AF /* LaunchScreen.storyboard */; };
		4ADA75AC22DC835D001E76AF /* GoogleService-Info.plist in Resources */ = {isa = PBXBuildFile; fileRef = 4ADA75AB22DC835D001E76AF /* GoogleService-Info.plist */; };
/* End PBXBuildFile section */

/* Begin PBXFileReference section */
		263130C1DEBA6A07C9B7DF08 /* Pods_Football_News.framework */ = {isa = PBXFileReference; explicitFileType = wrapper.framework; includeInIndex = 0; path = Pods_Football_News.framework; sourceTree = BUILT_PRODUCTS_DIR; };
		4A4A798022DEF33000747126 /* NetworkEngine.swift */ = {isa = PBXFileReference; lastKnownFileType = sourcecode.swift; path = NetworkEngine.swift; sourceTree = "<group>"; };
		4A4A798822DEF64100747126 /* FNVideoCell.swift */ = {isa = PBXFileReference; lastKnownFileType = sourcecode.swift; path = FNVideoCell.swift; sourceTree = "<group>"; };
		4A4A798922DEF64100747126 /* FNVideoCell.xib */ = {isa = PBXFileReference; lastKnownFileType = file.xib; path = FNVideoCell.xib; sourceTree = "<group>"; };
		4A4A798D22DF0B2700747126 /* NewsfeedService.swift */ = {isa = PBXFileReference; lastKnownFileType = sourcecode.swift; path = NewsfeedService.swift; sourceTree = "<group>"; };
		4A4A798F22DF3DF200747126 /* FNFactCell.swift */ = {isa = PBXFileReference; lastKnownFileType = sourcecode.swift; path = FNFactCell.swift; sourceTree = "<group>"; };
		4A4A799022DF3DF200747126 /* FNFactCell.xib */ = {isa = PBXFileReference; lastKnownFileType = file.xib; path = FNFactCell.xib; sourceTree = "<group>"; };
		4A4A799322DF3E0700747126 /* FNNewsCell.swift */ = {isa = PBXFileReference; lastKnownFileType = sourcecode.swift; path = FNNewsCell.swift; sourceTree = "<group>"; };
		4A4A799422DF3E0700747126 /* FNNewsCell.xib */ = {isa = PBXFileReference; lastKnownFileType = file.xib; path = FNNewsCell.xib; sourceTree = "<group>"; };
		4A4A799722DF41E500747126 /* FNConstants.swift */ = {isa = PBXFileReference; lastKnownFileType = sourcecode.swift; path = FNConstants.swift; sourceTree = "<group>"; };
		4A4F267622DC890300AFCC93 /* NewsFeedObject.swift */ = {isa = PBXFileReference; lastKnownFileType = sourcecode.swift; path = NewsFeedObject.swift; sourceTree = "<group>"; };
		4A4F267D22DDAA2400AFCC93 /* FNNewsfeedVC.swift */ = {isa = PBXFileReference; lastKnownFileType = sourcecode.swift; path = FNNewsfeedVC.swift; sourceTree = "<group>"; };
		4A4F268522DDE3A500AFCC93 /* FNNewsfeedVM.swift */ = {isa = PBXFileReference; lastKnownFileType = sourcecode.swift; path = FNNewsfeedVM.swift; sourceTree = "<group>"; };
		4ADA759222DC5BF2001E76AF /* Football News.app */ = {isa = PBXFileReference; explicitFileType = wrapper.application; includeInIndex = 0; path = "Football News.app"; sourceTree = BUILT_PRODUCTS_DIR; };
		4ADA759522DC5BF2001E76AF /* AppDelegate.swift */ = {isa = PBXFileReference; lastKnownFileType = sourcecode.swift; path = AppDelegate.swift; sourceTree = "<group>"; };
		4ADA759A22DC5BF2001E76AF /* Base */ = {isa = PBXFileReference; lastKnownFileType = file.storyboard; name = Base; path = Base.lproj/Main.storyboard; sourceTree = "<group>"; };
		4ADA759C22DC5BF3001E76AF /* Assets.xcassets */ = {isa = PBXFileReference; lastKnownFileType = folder.assetcatalog; path = Assets.xcassets; sourceTree = "<group>"; };
		4ADA759F22DC5BF3001E76AF /* Base */ = {isa = PBXFileReference; lastKnownFileType = file.storyboard; name = Base; path = Base.lproj/LaunchScreen.storyboard; sourceTree = "<group>"; };
		4ADA75A122DC5BF3001E76AF /* Info.plist */ = {isa = PBXFileReference; lastKnownFileType = text.plist.xml; path = Info.plist; sourceTree = "<group>"; };
		4ADA75AB22DC835D001E76AF /* GoogleService-Info.plist */ = {isa = PBXFileReference; fileEncoding = 4; lastKnownFileType = text.plist.xml; path = "GoogleService-Info.plist"; sourceTree = "<group>"; };
		CFCF8400F0F2753BF63F6873 /* Pods-Football News.debug.xcconfig */ = {isa = PBXFileReference; includeInIndex = 1; lastKnownFileType = text.xcconfig; name = "Pods-Football News.debug.xcconfig"; path = "Target Support Files/Pods-Football News/Pods-Football News.debug.xcconfig"; sourceTree = "<group>"; };
		F5A13378FD0BD06A0CA14E23 /* Pods-Football News.release.xcconfig */ = {isa = PBXFileReference; includeInIndex = 1; lastKnownFileType = text.xcconfig; name = "Pods-Football News.release.xcconfig"; path = "Target Support Files/Pods-Football News/Pods-Football News.release.xcconfig"; sourceTree = "<group>"; };
/* End PBXFileReference section */

/* Begin PBXFrameworksBuildPhase section */
		4ADA758F22DC5BF2001E76AF /* Frameworks */ = {
			isa = PBXFrameworksBuildPhase;
			buildActionMask = 2147483647;
			files = (
				2BF73043ED865B4C2DCE2902 /* Pods_Football_News.framework in Frameworks */,
			);
			runOnlyForDeploymentPostprocessing = 0;
		};
/* End PBXFrameworksBuildPhase section */

/* Begin PBXGroup section */
		4A4A798C22DF080C00747126 /* Network Service */ = {
			isa = PBXGroup;
			children = (
				4A4A798D22DF0B2700747126 /* NewsfeedService.swift */,
			);
			path = "Network Service";
			sourceTree = "<group>";
		};
		4A4A799922DF426200747126 /* Constants */ = {
			isa = PBXGroup;
			children = (
				4A4A799722DF41E500747126 /* FNConstants.swift */,
			);
			path = Constants;
			sourceTree = "<group>";
		};
		4A4F267922DDA56600AFCC93 /* NewsFeedTab */ = {
			isa = PBXGroup;
			children = (
				4A4A798C22DF080C00747126 /* Network Service */,
				4ADA75A722DC801B001E76AF /* Model */,
				4ADA75AA22DC803D001E76AF /* View Controller */,
				4ADA75A922DC8032001E76AF /* View Model */,
			);
			path = NewsFeedTab;
			sourceTree = "<group>";
		};
		4A4F268722DE027800AFCC93 /* Network Layer */ = {
			isa = PBXGroup;
			children = (
				4A4A798022DEF33000747126 /* NetworkEngine.swift */,
			);
			path = "Network Layer";
			sourceTree = "<group>";
		};
		4ADA758922DC5BF2001E76AF = {
			isa = PBXGroup;
			children = (
				4ADA759422DC5BF2001E76AF /* Football News */,
				4ADA759322DC5BF2001E76AF /* Products */,
				E92A61ED0117070A33482CFF /* Pods */,
				974F51A3C4EA9459DB2FB7BC /* Frameworks */,
			);
			sourceTree = "<group>";
		};
		4ADA759322DC5BF2001E76AF /* Products */ = {
			isa = PBXGroup;
			children = (
				4ADA759222DC5BF2001E76AF /* Football News.app */,
			);
			name = Products;
			sourceTree = "<group>";
		};
		4ADA759422DC5BF2001E76AF /* Football News */ = {
			isa = PBXGroup;
			children = (
				4A4A799922DF426200747126 /* Constants */,
				4A4F268722DE027800AFCC93 /* Network Layer */,
				4A4F267922DDA56600AFCC93 /* NewsFeedTab */,
				4ADA75A822DC8026001E76AF /* View */,
				4ADA759522DC5BF2001E76AF /* AppDelegate.swift */,
				4ADA75AB22DC835D001E76AF /* GoogleService-Info.plist */,
				4ADA759C22DC5BF3001E76AF /* Assets.xcassets */,
				4ADA759E22DC5BF3001E76AF /* LaunchScreen.storyboard */,
				4ADA75A122DC5BF3001E76AF /* Info.plist */,
			);
			path = "Football News";
			sourceTree = "<group>";
		};
		4ADA75A722DC801B001E76AF /* Model */ = {
			isa = PBXGroup;
			children = (
				4A4F267622DC890300AFCC93 /* NewsFeedObject.swift */,
			);
			path = Model;
			sourceTree = "<group>";
		};
		4ADA75A822DC8026001E76AF /* View */ = {
			isa = PBXGroup;
			children = (
				4ADA759922DC5BF2001E76AF /* Main.storyboard */,
			);
			path = View;
			sourceTree = "<group>";
		};
		4ADA75A922DC8032001E76AF /* View Model */ = {
			isa = PBXGroup;
			children = (
				4A4F268522DDE3A500AFCC93 /* FNNewsfeedVM.swift */,
			);
			path = "View Model";
			sourceTree = "<group>";
		};
		4ADA75AA22DC803D001E76AF /* View Controller */ = {
			isa = PBXGroup;
			children = (
				4A4F267D22DDAA2400AFCC93 /* FNNewsfeedVC.swift */,
				4A4A798822DEF64100747126 /* FNVideoCell.swift */,
				4A4A798922DEF64100747126 /* FNVideoCell.xib */,
				4A4A798F22DF3DF200747126 /* FNFactCell.swift */,
				4A4A799022DF3DF200747126 /* FNFactCell.xib */,
				4A4A799322DF3E0700747126 /* FNNewsCell.swift */,
				4A4A799422DF3E0700747126 /* FNNewsCell.xib */,
			);
			path = "View Controller";
			sourceTree = "<group>";
		};
		974F51A3C4EA9459DB2FB7BC /* Frameworks */ = {
			isa = PBXGroup;
			children = (
				263130C1DEBA6A07C9B7DF08 /* Pods_Football_News.framework */,
			);
			name = Frameworks;
			sourceTree = "<group>";
		};
		E92A61ED0117070A33482CFF /* Pods */ = {
			isa = PBXGroup;
			children = (
				CFCF8400F0F2753BF63F6873 /* Pods-Football News.debug.xcconfig */,
				F5A13378FD0BD06A0CA14E23 /* Pods-Football News.release.xcconfig */,
			);
			path = Pods;
			sourceTree = "<group>";
		};
/* End PBXGroup section */

/* Begin PBXNativeTarget section */
		4ADA759122DC5BF2001E76AF /* Football News */ = {
			isa = PBXNativeTarget;
			buildConfigurationList = 4ADA75A422DC5BF3001E76AF /* Build configuration list for PBXNativeTarget "Football News" */;
			buildPhases = (
				F707AA49B2B0BAFBACEA6A86 /* [CP] Check Pods Manifest.lock */,
				4ADA758E22DC5BF2001E76AF /* Sources */,
				4ADA758F22DC5BF2001E76AF /* Frameworks */,
				4ADA759022DC5BF2001E76AF /* Resources */,
				38478BDC8E3E4911C0CB1D41 /* [CP] Embed Pods Frameworks */,
				4A4F267822DC8E8A00AFCC93 /* ShellScript */,
			);
			buildRules = (
			);
			dependencies = (
			);
			name = "Football News";
			productName = "Football News";
			productReference = 4ADA759222DC5BF2001E76AF /* Football News.app */;
			productType = "com.apple.product-type.application";
		};
/* End PBXNativeTarget section */

/* Begin PBXProject section */
		4ADA758A22DC5BF2001E76AF /* Project object */ = {
			isa = PBXProject;
			attributes = {
				LastSwiftUpdateCheck = 1020;
				LastUpgradeCheck = 1020;
				ORGANIZATIONNAME = "Mahnoor Khan";
				TargetAttributes = {
					4ADA759122DC5BF2001E76AF = {
						CreatedOnToolsVersion = 10.2;
					};
				};
			};
			buildConfigurationList = 4ADA758D22DC5BF2001E76AF /* Build configuration list for PBXProject "Football News" */;
			compatibilityVersion = "Xcode 9.3";
			developmentRegion = en;
			hasScannedForEncodings = 0;
			knownRegions = (
				en,
				Base,
			);
			mainGroup = 4ADA758922DC5BF2001E76AF;
			productRefGroup = 4ADA759322DC5BF2001E76AF /* Products */;
			projectDirPath = "";
			projectRoot = "";
			targets = (
				4ADA759122DC5BF2001E76AF /* Football News */,
			);
		};
/* End PBXProject section */

/* Begin PBXResourcesBuildPhase section */
		4ADA759022DC5BF2001E76AF /* Resources */ = {
			isa = PBXResourcesBuildPhase;
			buildActionMask = 2147483647;
			files = (
				4ADA75A022DC5BF3001E76AF /* LaunchScreen.storyboard in Resources */,
				4ADA75AC22DC835D001E76AF /* GoogleService-Info.plist in Resources */,
				4A4A799622DF3E0700747126 /* FNNewsCell.xib in Resources */,
				4A4A798B22DEF64100747126 /* FNVideoCell.xib in Resources */,
				4ADA759D22DC5BF3001E76AF /* Assets.xcassets in Resources */,
				4ADA759B22DC5BF2001E76AF /* Main.storyboard in Resources */,
				4A4A799222DF3DF200747126 /* FNFactCell.xib in Resources */,
			);
			runOnlyForDeploymentPostprocessing = 0;
		};
/* End PBXResourcesBuildPhase section */

/* Begin PBXShellScriptBuildPhase section */
		38478BDC8E3E4911C0CB1D41 /* [CP] Embed Pods Frameworks */ = {
			isa = PBXShellScriptBuildPhase;
			buildActionMask = 2147483647;
			files = (
			);
			inputFileListPaths = (
				"${PODS_ROOT}/Target Support Files/Pods-Football News/Pods-Football News-frameworks-${CONFIGURATION}-input-files.xcfilelist",
			);
			name = "[CP] Embed Pods Frameworks";
			outputFileListPaths = (
				"${PODS_ROOT}/Target Support Files/Pods-Football News/Pods-Football News-frameworks-${CONFIGURATION}-output-files.xcfilelist",
			);
			runOnlyForDeploymentPostprocessing = 0;
			shellPath = /bin/sh;
			shellScript = "\"${PODS_ROOT}/Target Support Files/Pods-Football News/Pods-Football News-frameworks.sh\"\n";
			showEnvVarsInLog = 0;
		};
		4A4F267822DC8E8A00AFCC93 /* ShellScript */ = {
			isa = PBXShellScriptBuildPhase;
			buildActionMask = 2147483647;
			files = (
			);
			inputFileListPaths = (
			);
			inputPaths = (
				"$(SRCROOT)/$(BUILT_PRODUCTS_DIR)/$(INFOPLIST_PATH)",
			);
			outputFileListPaths = (
			);
			outputPaths = (
			);
			runOnlyForDeploymentPostprocessing = 0;
			shellPath = /bin/sh;
			shellScript = "# Type a script or drag a script file from your workspace to insert its path.\n\"${PODS_ROOT}/Fabric/run\"\n";
		};
		F707AA49B2B0BAFBACEA6A86 /* [CP] Check Pods Manifest.lock */ = {
			isa = PBXShellScriptBuildPhase;
			buildActionMask = 2147483647;
			files = (
			);
			inputFileListPaths = (
			);
			inputPaths = (
				"${PODS_PODFILE_DIR_PATH}/Podfile.lock",
				"${PODS_ROOT}/Manifest.lock",
			);
			name = "[CP] Check Pods Manifest.lock";
			outputFileListPaths = (
			);
			outputPaths = (
				"$(DERIVED_FILE_DIR)/Pods-Football News-checkManifestLockResult.txt",
			);
			runOnlyForDeploymentPostprocessing = 0;
			shellPath = /bin/sh;
			shellScript = "diff \"${PODS_PODFILE_DIR_PATH}/Podfile.lock\" \"${PODS_ROOT}/Manifest.lock\" > /dev/null\nif [ $? != 0 ] ; then\n    # print error to STDERR\n    echo \"error: The sandbox is not in sync with the Podfile.lock. Run 'pod install' or update your CocoaPods installation.\" >&2\n    exit 1\nfi\n# This output is used by Xcode 'outputs' to avoid re-running this script phase.\necho \"SUCCESS\" > \"${SCRIPT_OUTPUT_FILE_0}\"\n";
			showEnvVarsInLog = 0;
		};
/* End PBXShellScriptBuildPhase section */

/* Begin PBXSourcesBuildPhase section */
		4ADA758E22DC5BF2001E76AF /* Sources */ = {
			isa = PBXSourcesBuildPhase;
			buildActionMask = 2147483647;
			files = (
				4A4A799522DF3E0700747126 /* FNNewsCell.swift in Sources */,
				4A4A799822DF41E500747126 /* FNConstants.swift in Sources */,
				4A4A798122DEF33000747126 /* NetworkEngine.swift in Sources */,
				4A4A799122DF3DF200747126 /* FNFactCell.swift in Sources */,
				4A4A798E22DF0B2700747126 /* NewsfeedService.swift in Sources */,
				4ADA759622DC5BF2001E76AF /* AppDelegate.swift in Sources */,
				4A4F267722DC890300AFCC93 /* NewsFeedObject.swift in Sources */,
				4A4F267E22DDAA2400AFCC93 /* FNNewsfeedVC.swift in Sources */,
				4A4A798A22DEF64100747126 /* FNVideoCell.swift in Sources */,
				4A4F268622DDE3A500AFCC93 /* FNNewsfeedVM.swift in Sources */,
			);
			runOnlyForDeploymentPostprocessing = 0;
		};
/* End PBXSourcesBuildPhase section */

/* Begin PBXVariantGroup section */
		4ADA759922DC5BF2001E76AF /* Main.storyboard */ = {
			isa = PBXVariantGroup;
			children = (
				4ADA759A22DC5BF2001E76AF /* Base */,
			);
			name = Main.storyboard;
			sourceTree = "<group>";
		};
		4ADA759E22DC5BF3001E76AF /* LaunchScreen.storyboard */ = {
			isa = PBXVariantGroup;
			children = (
				4ADA759F22DC5BF3001E76AF /* Base */,
			);
			name = LaunchScreen.storyboard;
			sourceTree = "<group>";
		};
/* End PBXVariantGroup section */

/* Begin XCBuildConfiguration section */
		4ADA75A222DC5BF3001E76AF /* Debug */ = {
			isa = XCBuildConfiguration;
			buildSettings = {
				ALWAYS_SEARCH_USER_PATHS = NO;
				CLANG_ANALYZER_NONNULL = YES;
				CLANG_ANALYZER_NUMBER_OBJECT_CONVERSION = YES_AGGRESSIVE;
				CLANG_CXX_LANGUAGE_STANDARD = "gnu++14";
				CLANG_CXX_LIBRARY = "libc++";
				CLANG_ENABLE_MODULES = YES;
				CLANG_ENABLE_OBJC_ARC = YES;
				CLANG_ENABLE_OBJC_WEAK = YES;
				CLANG_WARN_BLOCK_CAPTURE_AUTORELEASING = YES;
				CLANG_WARN_BOOL_CONVERSION = YES;
				CLANG_WARN_COMMA = YES;
				CLANG_WARN_CONSTANT_CONVERSION = YES;
				CLANG_WARN_DEPRECATED_OBJC_IMPLEMENTATIONS = YES;
				CLANG_WARN_DIRECT_OBJC_ISA_USAGE = YES_ERROR;
				CLANG_WARN_DOCUMENTATION_COMMENTS = YES;
				CLANG_WARN_EMPTY_BODY = YES;
				CLANG_WARN_ENUM_CONVERSION = YES;
				CLANG_WARN_INFINITE_RECURSION = YES;
				CLANG_WARN_INT_CONVERSION = YES;
				CLANG_WARN_NON_LITERAL_NULL_CONVERSION = YES;
				CLANG_WARN_OBJC_IMPLICIT_RETAIN_SELF = YES;
				CLANG_WARN_OBJC_LITERAL_CONVERSION = YES;
				CLANG_WARN_OBJC_ROOT_CLASS = YES_ERROR;
				CLANG_WARN_RANGE_LOOP_ANALYSIS = YES;
				CLANG_WARN_STRICT_PROTOTYPES = YES;
				CLANG_WARN_SUSPICIOUS_MOVE = YES;
				CLANG_WARN_UNGUARDED_AVAILABILITY = YES_AGGRESSIVE;
				CLANG_WARN_UNREACHABLE_CODE = YES;
				CLANG_WARN__DUPLICATE_METHOD_MATCH = YES;
				CODE_SIGN_IDENTITY = "iPhone Developer";
				COPY_PHASE_STRIP = NO;
				DEBUG_INFORMATION_FORMAT = dwarf;
				ENABLE_STRICT_OBJC_MSGSEND = YES;
				ENABLE_TESTABILITY = YES;
				GCC_C_LANGUAGE_STANDARD = gnu11;
				GCC_DYNAMIC_NO_PIC = NO;
				GCC_NO_COMMON_BLOCKS = YES;
				GCC_OPTIMIZATION_LEVEL = 0;
				GCC_PREPROCESSOR_DEFINITIONS = (
					"DEBUG=1",
					"$(inherited)",
				);
				GCC_WARN_64_TO_32_BIT_CONVERSION = YES;
				GCC_WARN_ABOUT_RETURN_TYPE = YES_ERROR;
				GCC_WARN_UNDECLARED_SELECTOR = YES;
				GCC_WARN_UNINITIALIZED_AUTOS = YES_AGGRESSIVE;
				GCC_WARN_UNUSED_FUNCTION = YES;
				GCC_WARN_UNUSED_VARIABLE = YES;
				IPHONEOS_DEPLOYMENT_TARGET = 12.2;
				MTL_ENABLE_DEBUG_INFO = INCLUDE_SOURCE;
				MTL_FAST_MATH = YES;
				ONLY_ACTIVE_ARCH = YES;
				SDKROOT = iphoneos;
				SWIFT_ACTIVE_COMPILATION_CONDITIONS = DEBUG;
				SWIFT_OPTIMIZATION_LEVEL = "-Onone";
			};
			name = Debug;
		};
		4ADA75A322DC5BF3001E76AF /* Release */ = {
			isa = XCBuildConfiguration;
			buildSettings = {
				ALWAYS_SEARCH_USER_PATHS = NO;
				CLANG_ANALYZER_NONNULL = YES;
				CLANG_ANALYZER_NUMBER_OBJECT_CONVERSION = YES_AGGRESSIVE;
				CLANG_CXX_LANGUAGE_STANDARD = "gnu++14";
				CLANG_CXX_LIBRARY = "libc++";
				CLANG_ENABLE_MODULES = YES;
				CLANG_ENABLE_OBJC_ARC = YES;
				CLANG_ENABLE_OBJC_WEAK = YES;
				CLANG_WARN_BLOCK_CAPTURE_AUTORELEASING = YES;
				CLANG_WARN_BOOL_CONVERSION = YES;
				CLANG_WARN_COMMA = YES;
				CLANG_WARN_CONSTANT_CONVERSION = YES;
				CLANG_WARN_DEPRECATED_OBJC_IMPLEMENTATIONS = YES;
				CLANG_WARN_DIRECT_OBJC_ISA_USAGE = YES_ERROR;
				CLANG_WARN_DOCUMENTATION_COMMENTS = YES;
				CLANG_WARN_EMPTY_BODY = YES;
				CLANG_WARN_ENUM_CONVERSION = YES;
				CLANG_WARN_INFINITE_RECURSION = YES;
				CLANG_WARN_INT_CONVERSION = YES;
				CLANG_WARN_NON_LITERAL_NULL_CONVERSION = YES;
				CLANG_WARN_OBJC_IMPLICIT_RETAIN_SELF = YES;
				CLANG_WARN_OBJC_LITERAL_CONVERSION = YES;
				CLANG_WARN_OBJC_ROOT_CLASS = YES_ERROR;
				CLANG_WARN_RANGE_LOOP_ANALYSIS = YES;
				CLANG_WARN_STRICT_PROTOTYPES = YES;
				CLANG_WARN_SUSPICIOUS_MOVE = YES;
				CLANG_WARN_UNGUARDED_AVAILABILITY = YES_AGGRESSIVE;
				CLANG_WARN_UNREACHABLE_CODE = YES;
				CLANG_WARN__DUPLICATE_METHOD_MATCH = YES;
				CODE_SIGN_IDENTITY = "iPhone Developer";
				COPY_PHASE_STRIP = NO;
				DEBUG_INFORMATION_FORMAT = "dwarf-with-dsym";
				ENABLE_NS_ASSERTIONS = NO;
				ENABLE_STRICT_OBJC_MSGSEND = YES;
				GCC_C_LANGUAGE_STANDARD = gnu11;
				GCC_NO_COMMON_BLOCKS = YES;
				GCC_WARN_64_TO_32_BIT_CONVERSION = YES;
				GCC_WARN_ABOUT_RETURN_TYPE = YES_ERROR;
				GCC_WARN_UNDECLARED_SELECTOR = YES;
				GCC_WARN_UNINITIALIZED_AUTOS = YES_AGGRESSIVE;
				GCC_WARN_UNUSED_FUNCTION = YES;
				GCC_WARN_UNUSED_VARIABLE = YES;
				IPHONEOS_DEPLOYMENT_TARGET = 12.2;
				MTL_ENABLE_DEBUG_INFO = NO;
				MTL_FAST_MATH = YES;
				SDKROOT = iphoneos;
				SWIFT_COMPILATION_MODE = wholemodule;
				SWIFT_OPTIMIZATION_LEVEL = "-O";
				VALIDATE_PRODUCT = YES;
			};
			name = Release;
		};
		4ADA75A522DC5BF3001E76AF /* Debug */ = {
			isa = XCBuildConfiguration;
			baseConfigurationReference = CFCF8400F0F2753BF63F6873 /* Pods-Football News.debug.xcconfig */;
			buildSettings = {
				ASSETCATALOG_COMPILER_APPICON_NAME = AppIcon;
				CODE_SIGN_STYLE = Automatic;
				INFOPLIST_FILE = "Football News/Info.plist";
				LD_RUNPATH_SEARCH_PATHS = (
					"$(inherited)",
					"@executable_path/Frameworks",
				);
				PRODUCT_BUNDLE_IDENTIFIER = "com.example.Football-News";
				PRODUCT_NAME = "$(TARGET_NAME)";
				SWIFT_VERSION = 5.0;
				TARGETED_DEVICE_FAMILY = "1,2";
			};
			name = Debug;
		};
		4ADA75A622DC5BF3001E76AF /* Release */ = {
			isa = XCBuildConfiguration;
			baseConfigurationReference = F5A13378FD0BD06A0CA14E23 /* Pods-Football News.release.xcconfig */;
			buildSettings = {
				ASSETCATALOG_COMPILER_APPICON_NAME = AppIcon;
				CODE_SIGN_STYLE = Automatic;
				INFOPLIST_FILE = "Football News/Info.plist";
				LD_RUNPATH_SEARCH_PATHS = (
					"$(inherited)",
					"@executable_path/Frameworks",
				);
				PRODUCT_BUNDLE_IDENTIFIER = "com.example.Football-News";
				PRODUCT_NAME = "$(TARGET_NAME)";
				SWIFT_VERSION = 5.0;
				TARGETED_DEVICE_FAMILY = "1,2";
			};
			name = Release;
		};
/* End XCBuildConfiguration section */

/* Begin XCConfigurationList section */
		4ADA758D22DC5BF2001E76AF /* Build configuration list for PBXProject "Football News" */ = {
			isa = XCConfigurationList;
			buildConfigurations = (
				4ADA75A222DC5BF3001E76AF /* Debug */,
				4ADA75A322DC5BF3001E76AF /* Release */,
			);
			defaultConfigurationIsVisible = 0;
			defaultConfigurationName = Release;
		};
		4ADA75A422DC5BF3001E76AF /* Build configuration list for PBXNativeTarget "Football News" */ = {
			isa = XCConfigurationList;
			buildConfigurations = (
				4ADA75A522DC5BF3001E76AF /* Debug */,
				4ADA75A622DC5BF3001E76AF /* Release */,
			);
			defaultConfigurationIsVisible = 0;
			defaultConfigurationName = Release;
		};
/* End XCConfigurationList section */
	};
	rootObject = 4ADA758A22DC5BF2001E76AF /* Project object */;
}
